
Microsoft Visual Studio Solution File, Format Version 12.00
# Visual Studio Version 16
VisualStudioVersion = 16.0.34114.132
MinimumVisualStudioVersion = 10.0.40219.1
Project("{888888A0-9F3D-457C-B088-3A5042F75D52}") = "Test", "Test.pyproj", "{DA3EF158-8EEE-430A-A7D8-81089ABA41D7}"
EndProject
Global
	GlobalSection(SolutionConfigurationPlatforms) = preSolution
		Debug|Any CPU = Debug|Any CPU
		Release|Any CPU = Release|Any CPU
	EndGlobalSection
	GlobalSection(ProjectConfigurationPlatforms) = postSolution
		{DA3EF158-8EEE-430A-A7D8-81089ABA41D7}.Debug|Any CPU.ActiveCfg = Debug|Any CPU
		{DA3EF158-8EEE-430A-A7D8-81089ABA41D7}.Release|Any CPU.ActiveCfg = Release|Any CPU
	EndGlobalSection
	GlobalSection(SolutionProperties) = preSolution
		HideSolutionNode = FALSE
	EndGlobalSection
	GlobalSection(ExtensibilityGlobals) = postSolution
		SolutionGuid = {1B807B64-C4F3-456F-9E2D-AFA5740C8E40}
	EndGlobalSection
EndGlobal
